#MicroXplorer Configuration settings - do not modify
Mcu.Family=STM32F1
PA15.Mode=JTAG_4_pins
NVIC.SysTick_IRQn=true\:0\:0\:false\:false\:true\:false\:true
ProjectManager.LastFirmware=true
ProjectManager.MainLocation=Src
ProjectManager.FirmwarePackage=STM32Cube FW_F1 V1.8.0
MxDb.Version=DB.5.0.60
ProjectManager.ProjectFileName=stm-32-iot-device-firmware.ioc
RCC.APB2Freq_Value=8000000
ADC1.Rank-2\#ChannelRegularConversion=1
ProjectManager.BackupPrevious=false
MxCube.Version=5.6.0
ProjectManager.KeepUserCode=true
Mcu.UserName=STM32F103C8Tx
PA14.Mode=JTAG_4_pins
Mcu.PinsNb=7
SH.ADCx_IN1.ConfNb=1
ProjectManager.NoMain=false
File.Version=6
VP_SYS_VS_Systick.Mode=SysTick
ADC1.IPParameters=Rank-2\#ChannelRegularConversion,master,Channel-2\#ChannelRegularConversion,SamplingTime-2\#ChannelRegularConversion,NbrOfConversionFlag
RCC.PLLCLKFreq_Value=8000000
NVIC.NonMaskableInt_IRQn=true\:0\:0\:false\:false\:true\:false\:false
NVIC.PendSV_IRQn=true\:0\:0\:false\:false\:true\:false\:false
ProjectManager.functionlistsort=1-MX_GPIO_Init-GPIO-true-HAL-true,2-SystemClock_Config-RCC-true-HAL-true,3-MX_ADC1_Init-ADC1-true-HAL-true
PA13.Mode=JTAG_4_pins
ProjectManager.FreePins=false
RCC.IPParameters=APB1Freq_Value,APB2Freq_Value,FamilyName,PLLCLKFreq_Value,PLLMCOFreq_Value,TimSysFreq_Value
ProjectManager.DefaultFWLocation=true
ProjectManager.AskForMigrate=true
Mcu.Name=STM32F103C(8-B)Tx
ProjectManager.HalAssertFull=false
ProjectManager.DeletePrevious=true
ProjectManager.ProjectName=stm-32-iot-device-firmware
ProjectManager.UnderRoot=false
RCC.PLLMCOFreq_Value=4000000
ProjectManager.CoupleFile=false
PB3.Signal=SYS_JTDO-TRACESWO
PinOutPanel.RotationAngle=0
Mcu.Package=LQFP48
ADC1.SamplingTime-2\#ChannelRegularConversion=ADC_SAMPLETIME_1CYCLE_5
RCC.FamilyName=M
RCC.TimSysFreq_Value=8000000
ADC1.master=1
ProjectManager.StackSize=0x400
PA0-WKUP.Signal=SYS_WKUP
NVIC.ForceEnableDMAVector=true
KeepUserPlacement=false
PA0-WKUP.Mode=SYS_WakeUp0
PA13.Signal=SYS_JTMS-SWDIO
NVIC.MemoryManagement_IRQn=true\:0\:0\:false\:false\:true\:false\:false
ProjectManager.CompilerOptimize=6
NVIC.SVCall_IRQn=true\:0\:0\:false\:false\:true\:false\:false
Mcu.IP2=RCC
ProjectManager.ToolChainLocation=
Mcu.IP3=SYS
Mcu.IP0=ADC1
VP_SYS_VS_Systick.Signal=SYS_VS_Systick
Mcu.IP1=NVIC
PA14.Signal=SYS_JTCK-SWCLK
PA15.Signal=SYS_JTDI
ProjectManager.HeapSize=0x200
NVIC.HardFault_IRQn=true\:0\:0\:false\:false\:true\:false\:false
Mcu.UserConstants=
ProjectManager.TargetToolchain=EWARM V8.32
ProjectManager.ComputerToolchain=false
Mcu.ThirdPartyNb=0
NVIC.PriorityGroup=NVIC_PRIORITYGROUP_4
ADC1.NbrOfConversionFlag=1
SH.ADCx_IN1.0=ADC1_IN1,IN1
Mcu.IPNb=4
ProjectManager.PreviousToolchain=
ADC1.Channel-2\#ChannelRegularConversion=ADC_CHANNEL_1
NVIC.BusFault_IRQn=true\:0\:0\:false\:false\:true\:false\:false
Mcu.Pin6=VP_SYS_VS_Systick
RCC.APB1Freq_Value=8000000
PA1.Signal=ADCx_IN1
Mcu.Pin0=PA0-WKUP
Mcu.Pin1=PA1
GPIO.groupedBy=
Mcu.Pin2=PA13
ProjectManager.CustomerFirmwarePackage=
Mcu.Pin3=PA14
ProjectManager.DeviceId=STM32F103C8Tx
Mcu.Pin4=PA15
Mcu.Pin5=PB3
ProjectManager.LibraryCopy=0
ProjectManager.ProjectBuild=false
NVIC.UsageFault_IRQn=true\:0\:0\:false\:false\:true\:false\:false
NVIC.DebugMonitor_IRQn=true\:0\:0\:false\:false\:true\:false\:false
PB3.Mode=JTAG_4_pins
board=custom
